
Microsoft Visual Studio Solution File, Format Version 12.00
# Visual Studio 2012
Project("{FAE04EC0-301F-11D3-BF4B-00C04F79EFBC}") = "Selenium", "Selenium\Selenium.csproj", "{593DA851-D5F2-4261-8183-B8AFF93C831D}"
EndProject
Project("{FAE04EC0-301F-11D3-BF4B-00C04F79EFBC}") = "ConsoleApplication", "ConsoleApplication\ConsoleApplication.csproj", "{F02A4675-FF06-4822-95A5-B2957938534F}"
EndProject
Project("{FAE04EC0-301F-11D3-BF4B-00C04F79EFBC}") = "UnitTest", "UnitTest\UnitTest.csproj", "{E702934C-747B-4BCC-A81F-8F6C862B81AC}"
EndProject
Global
	GlobalSection(SolutionConfigurationPlatforms) = preSolution
		Debug|Any CPU = Debug|Any CPU
		Release|Any CPU = Release|Any CPU
	EndGlobalSection
	GlobalSection(ProjectConfigurationPlatforms) = postSolution
		{593DA851-D5F2-4261-8183-B8AFF93C831D}.Debug|Any CPU.ActiveCfg = Debug|Any CPU
		{593DA851-D5F2-4261-8183-B8AFF93C831D}.Debug|Any CPU.Build.0 = Debug|Any CPU
		{593DA851-D5F2-4261-8183-B8AFF93C831D}.Release|Any CPU.ActiveCfg = Release|Any CPU
		{593DA851-D5F2-4261-8183-B8AFF93C831D}.Release|Any CPU.Build.0 = Release|Any CPU
		{F02A4675-FF06-4822-95A5-B2957938534F}.Debug|Any CPU.ActiveCfg = Debug|Any CPU
		{F02A4675-FF06-4822-95A5-B2957938534F}.Debug|Any CPU.Build.0 = Debug|Any CPU
		{F02A4675-FF06-4822-95A5-B2957938534F}.Release|Any CPU.ActiveCfg = Release|Any CPU
		{F02A4675-FF06-4822-95A5-B2957938534F}.Release|Any CPU.Build.0 = Release|Any CPU
		{E702934C-747B-4BCC-A81F-8F6C862B81AC}.Debug|Any CPU.ActiveCfg = Debug|Any CPU
		{E702934C-747B-4BCC-A81F-8F6C862B81AC}.Debug|Any CPU.Build.0 = Debug|Any CPU
		{E702934C-747B-4BCC-A81F-8F6C862B81AC}.Release|Any CPU.ActiveCfg = Release|Any CPU
		{E702934C-747B-4BCC-A81F-8F6C862B81AC}.Release|Any CPU.Build.0 = Release|Any CPU
	EndGlobalSection
	GlobalSection(SolutionProperties) = preSolution
		HideSolutionNode = FALSE
	EndGlobalSection
EndGlobal
